// !$*UTF8*$!
{
	archiveVersion = 1;
	classes = {
	};
	objectVersion = 50;
	objects = {

/* Begin PBXBuildFile section */
		3B7B70CD2483D06400A0D86B /* TriangleViewController.m in Sources */ = {isa = PBXBuildFile; fileRef = 3B7B70CC2483D06400A0D86B /* TriangleViewController.m */; };
		3B7B70D02483D7A000A0D86B /* Triangle.metal in Sources */ = {isa = PBXBuildFile; fileRef = 3B7B70CF2483D7A000A0D86B /* Triangle.metal */; };
		3BA01F1E2482CFAD002F82DF /* AppDelegate.m in Sources */ = {isa = PBXBuildFile; fileRef = 3BA01F1D2482CFAD002F82DF /* AppDelegate.m */; };
		3BA01F242482CFAD002F82DF /* ViewController.m in Sources */ = {isa = PBXBuildFile; fileRef = 3BA01F232482CFAD002F82DF /* ViewController.m */; };
		3BA01F292482CFB2002F82DF /* Assets.xcassets in Resources */ = {isa = PBXBuildFile; fileRef = 3BA01F282482CFB2002F82DF /* Assets.xcassets */; };
		3BA01F2F2482CFB2002F82DF /* main.m in Sources */ = {isa = PBXBuildFile; fileRef = 3BA01F2E2482CFB2002F82DF /* main.m */; };
/* End PBXBuildFile section */

/* Begin PBXFileReference section */
		3B7B70CB2483D06400A0D86B /* TriangleViewController.h */ = {isa = PBXFileReference; lastKnownFileType = sourcecode.c.h; path = TriangleViewController.h; sourceTree = "<group>"; };
		3B7B70CC2483D06400A0D86B /* TriangleViewController.m */ = {isa = PBXFileReference; lastKnownFileType = sourcecode.c.objc; path = TriangleViewController.m; sourceTree = "<group>"; };
		3B7B70CF2483D7A000A0D86B /* Triangle.metal */ = {isa = PBXFileReference; lastKnownFileType = sourcecode.metal; path = Triangle.metal; sourceTree = "<group>"; };
		3BA01F192482CFAD002F82DF /* MetalTest.app */ = {isa = PBXFileReference; explicitFileType = wrapper.application; includeInIndex = 0; path = MetalTest.app; sourceTree = BUILT_PRODUCTS_DIR; };
		3BA01F1C2482CFAD002F82DF /* AppDelegate.h */ = {isa = PBXFileReference; lastKnownFileType = sourcecode.c.h; path = AppDelegate.h; sourceTree = "<group>"; };
		3BA01F1D2482CFAD002F82DF /* AppDelegate.m */ = {isa = PBXFileReference; lastKnownFileType = sourcecode.c.objc; path = AppDelegate.m; sourceTree = "<group>"; };
		3BA01F222482CFAD002F82DF /* ViewController.h */ = {isa = PBXFileReference; lastKnownFileType = sourcecode.c.h; path = ViewController.h; sourceTree = "<group>"; };
		3BA01F232482CFAD002F82DF /* ViewController.m */ = {isa = PBXFileReference; lastKnownFileType = sourcecode.c.objc; path = ViewController.m; sourceTree = "<group>"; };
		3BA01F282482CFB2002F82DF /* Assets.xcassets */ = {isa = PBXFileReference; lastKnownFileType = folder.assetcatalog; path = Assets.xcassets; sourceTree = "<group>"; };
		3BA01F2D2482CFB2002F82DF /* Info.plist */ = {isa = PBXFileReference; lastKnownFileType = text.plist.xml; path = Info.plist; sourceTree = "<group>"; };
		3BA01F2E2482CFB2002F82DF /* main.m */ = {isa = PBXFileReference; lastKnownFileType = sourcecode.c.objc; path = main.m; sourceTree = "<group>"; };
/* End PBXFileReference section */

/* Begin PBXFrameworksBuildPhase section */
		3BA01F162482CFAD002F82DF /* Frameworks */ = {
			isa = PBXFrameworksBuildPhase;
			buildActionMask = 2147483647;
			files = (
			);
			runOnlyForDeploymentPostprocessing = 0;
		};
/* End PBXFrameworksBuildPhase section */

/* Begin PBXGroup section */
		3B7B70C72483CFD600A0D86B /* src */ = {
			isa = PBXGroup;
			children = (
				3B7B70C92483CFF100A0D86B /* utils */,
				3B7B70CA2483CFF700A0D86B /* tests */,
			);
			path = src;
			sourceTree = "<group>";
		};
		3B7B70C92483CFF100A0D86B /* utils */ = {
			isa = PBXGroup;
			children = (
			);
			path = utils;
			sourceTree = "<group>";
		};
		3B7B70CA2483CFF700A0D86B /* tests */ = {
			isa = PBXGroup;
			children = (
				3B7B70CE2483D21B00A0D86B /* 1. 三角形 */,
			);
			path = tests;
			sourceTree = "<group>";
		};
		3B7B70CE2483D21B00A0D86B /* 1. 三角形 */ = {
			isa = PBXGroup;
			children = (
				3B7B70CB2483D06400A0D86B /* TriangleViewController.h */,
				3B7B70CC2483D06400A0D86B /* TriangleViewController.m */,
				3B7B70CF2483D7A000A0D86B /* Triangle.metal */,
			);
			path = "1. 三角形";
			sourceTree = "<group>";
		};
		3BA01F102482CFAD002F82DF = {
			isa = PBXGroup;
			children = (
				3BA01F1B2482CFAD002F82DF /* MetalTest */,
				3BA01F1A2482CFAD002F82DF /* Products */,
			);
			sourceTree = "<group>";
		};
		3BA01F1A2482CFAD002F82DF /* Products */ = {
			isa = PBXGroup;
			children = (
				3BA01F192482CFAD002F82DF /* MetalTest.app */,
			);
			name = Products;
			sourceTree = "<group>";
		};
		3BA01F1B2482CFAD002F82DF /* MetalTest */ = {
			isa = PBXGroup;
			children = (
				3B7B70C72483CFD600A0D86B /* src */,
				3BA01F1C2482CFAD002F82DF /* AppDelegate.h */,
				3BA01F1D2482CFAD002F82DF /* AppDelegate.m */,
				3BA01F222482CFAD002F82DF /* ViewController.h */,
				3BA01F232482CFAD002F82DF /* ViewController.m */,
				3BA01F282482CFB2002F82DF /* Assets.xcassets */,
				3BA01F2D2482CFB2002F82DF /* Info.plist */,
				3BA01F2E2482CFB2002F82DF /* main.m */,
			);
			path = MetalTest;
			sourceTree = "<group>";
		};
/* End PBXGroup section */

/* Begin PBXNativeTarget section */
		3BA01F182482CFAD002F82DF /* MetalTest */ = {
			isa = PBXNativeTarget;
			buildConfigurationList = 3BA01F322482CFB2002F82DF /* Build configuration list for PBXNativeTarget "MetalTest" */;
			buildPhases = (
				3BA01F152482CFAD002F82DF /* Sources */,
				3BA01F162482CFAD002F82DF /* Frameworks */,
				3BA01F172482CFAD002F82DF /* Resources */,
			);
			buildRules = (
			);
			dependencies = (
			);
			name = MetalTest;
			productName = MetalTest;
			productReference = 3BA01F192482CFAD002F82DF /* MetalTest.app */;
			productType = "com.apple.product-type.application";
		};
/* End PBXNativeTarget section */

/* Begin PBXProject section */
		3BA01F112482CFAD002F82DF /* Project object */ = {
			isa = PBXProject;
			attributes = {
				LastUpgradeCheck = 1150;
				ORGANIZATIONNAME = "苏金劲";
				TargetAttributes = {
					3BA01F182482CFAD002F82DF = {
						CreatedOnToolsVersion = 11.5;
					};
				};
			};
			buildConfigurationList = 3BA01F142482CFAD002F82DF /* Build configuration list for PBXProject "MetalTest" */;
			compatibilityVersion = "Xcode 9.3";
			developmentRegion = en;
			hasScannedForEncodings = 0;
			knownRegions = (
				en,
				Base,
			);
			mainGroup = 3BA01F102482CFAD002F82DF;
			productRefGroup = 3BA01F1A2482CFAD002F82DF /* Products */;
			projectDirPath = "";
			projectRoot = "";
			targets = (
				3BA01F182482CFAD002F82DF /* MetalTest */,
			);
		};
/* End PBXProject section */

/* Begin PBXResourcesBuildPhase section */
		3BA01F172482CFAD002F82DF /* Resources */ = {
			isa = PBXResourcesBuildPhase;
			buildActionMask = 2147483647;
			files = (
				3BA01F292482CFB2002F82DF /* Assets.xcassets in Resources */,
			);
			runOnlyForDeploymentPostprocessing = 0;
		};
/* End PBXResourcesBuildPhase section */

/* Begin PBXSourcesBuildPhase section */
		3BA01F152482CFAD002F82DF /* Sources */ = {
			isa = PBXSourcesBuildPhase;
			buildActionMask = 2147483647;
			files = (
				3B7B70CD2483D06400A0D86B /* TriangleViewController.m in Sources */,
				3BA01F242482CFAD002F82DF /* ViewController.m in Sources */,
				3B7B70D02483D7A000A0D86B /* Triangle.metal in Sources */,
				3BA01F1E2482CFAD002F82DF /* AppDelegate.m in Sources */,
				3BA01F2F2482CFB2002F82DF /* main.m in Sources */,
			);
			runOnlyForDeploymentPostprocessing = 0;
		};
/* End PBXSourcesBuildPhase section */

/* Begin XCBuildConfiguration section */
		3BA01F302482CFB2002F82DF /* Debug */ = {
			isa = XCBuildConfiguration;
			buildSettings = {
				ALWAYS_SEARCH_USER_PATHS = NO;
				CLANG_ANALYZER_NONNULL = YES;
				CLANG_ANALYZER_NUMBER_OBJECT_CONVERSION = YES_AGGRESSIVE;
				CLANG_CXX_LANGUAGE_STANDARD = "gnu++14";
				CLANG_CXX_LIBRARY = "libc++";
				CLANG_ENABLE_MODULES = YES;
				CLANG_ENABLE_OBJC_ARC = YES;
				CLANG_ENABLE_OBJC_WEAK = YES;
				CLANG_WARN_BLOCK_CAPTURE_AUTORELEASING = YES;
				CLANG_WARN_BOOL_CONVERSION = YES;
				CLANG_WARN_COMMA = YES;
				CLANG_WARN_CONSTANT_CONVERSION = YES;
				CLANG_WARN_DEPRECATED_OBJC_IMPLEMENTATIONS = YES;
				CLANG_WARN_DIRECT_OBJC_ISA_USAGE = YES_ERROR;
				CLANG_WARN_DOCUMENTATION_COMMENTS = YES;
				CLANG_WARN_EMPTY_BODY = YES;
				CLANG_WARN_ENUM_CONVERSION = YES;
				CLANG_WARN_INFINITE_RECURSION = YES;
				CLANG_WARN_INT_CONVERSION = YES;
				CLANG_WARN_NON_LITERAL_NULL_CONVERSION = YES;
				CLANG_WARN_OBJC_IMPLICIT_RETAIN_SELF = YES;
				CLANG_WARN_OBJC_LITERAL_CONVERSION = YES;
				CLANG_WARN_OBJC_ROOT_CLASS = YES_ERROR;
				CLANG_WARN_RANGE_LOOP_ANALYSIS = YES;
				CLANG_WARN_STRICT_PROTOTYPES = YES;
				CLANG_WARN_SUSPICIOUS_MOVE = YES;
				CLANG_WARN_UNGUARDED_AVAILABILITY = YES_AGGRESSIVE;
				CLANG_WARN_UNREACHABLE_CODE = YES;
				CLANG_WARN__DUPLICATE_METHOD_MATCH = YES;
				COPY_PHASE_STRIP = NO;
				DEBUG_INFORMATION_FORMAT = dwarf;
				ENABLE_STRICT_OBJC_MSGSEND = YES;
				ENABLE_TESTABILITY = YES;
				GCC_C_LANGUAGE_STANDARD = gnu11;
				GCC_DYNAMIC_NO_PIC = NO;
				GCC_NO_COMMON_BLOCKS = YES;
				GCC_OPTIMIZATION_LEVEL = 0;
				GCC_PREPROCESSOR_DEFINITIONS = (
					"DEBUG=1",
					"$(inherited)",
				);
				GCC_WARN_64_TO_32_BIT_CONVERSION = YES;
				GCC_WARN_ABOUT_RETURN_TYPE = YES_ERROR;
				GCC_WARN_UNDECLARED_SELECTOR = YES;
				GCC_WARN_UNINITIALIZED_AUTOS = YES_AGGRESSIVE;
				GCC_WARN_UNUSED_FUNCTION = YES;
				GCC_WARN_UNUSED_VARIABLE = YES;
				IPHONEOS_DEPLOYMENT_TARGET = 13.5;
				MTL_ENABLE_DEBUG_INFO = INCLUDE_SOURCE;
				MTL_FAST_MATH = YES;
				ONLY_ACTIVE_ARCH = YES;
				SDKROOT = iphoneos;
			};
			name = Debug;
		};
		3BA01F312482CFB2002F82DF /* Release */ = {
			isa = XCBuildConfiguration;
			buildSettings = {
				ALWAYS_SEARCH_USER_PATHS = NO;
				CLANG_ANALYZER_NONNULL = YES;
				CLANG_ANALYZER_NUMBER_OBJECT_CONVERSION = YES_AGGRESSIVE;
				CLANG_CXX_LANGUAGE_STANDARD = "gnu++14";
				CLANG_CXX_LIBRARY = "libc++";
				CLANG_ENABLE_MODULES = YES;
				CLANG_ENABLE_OBJC_ARC = YES;
				CLANG_ENABLE_OBJC_WEAK = YES;
				CLANG_WARN_BLOCK_CAPTURE_AUTORELEASING = YES;
				CLANG_WARN_BOOL_CONVERSION = YES;
				CLANG_WARN_COMMA = YES;
				CLANG_WARN_CONSTANT_CONVERSION = YES;
				CLANG_WARN_DEPRECATED_OBJC_IMPLEMENTATIONS = YES;
				CLANG_WARN_DIRECT_OBJC_ISA_USAGE = YES_ERROR;
				CLANG_WARN_DOCUMENTATION_COMMENTS = YES;
				CLANG_WARN_EMPTY_BODY = YES;
				CLANG_WARN_ENUM_CONVERSION = YES;
				CLANG_WARN_INFINITE_RECURSION = YES;
				CLANG_WARN_INT_CONVERSION = YES;
				CLANG_WARN_NON_LITERAL_NULL_CONVERSION = YES;
				CLANG_WARN_OBJC_IMPLICIT_RETAIN_SELF = YES;
				CLANG_WARN_OBJC_LITERAL_CONVERSION = YES;
				CLANG_WARN_OBJC_ROOT_CLASS = YES_ERROR;
				CLANG_WARN_RANGE_LOOP_ANALYSIS = YES;
				CLANG_WARN_STRICT_PROTOTYPES = YES;
				CLANG_WARN_SUSPICIOUS_MOVE = YES;
				CLANG_WARN_UNGUARDED_AVAILABILITY = YES_AGGRESSIVE;
				CLANG_WARN_UNREACHABLE_CODE = YES;
				CLANG_WARN__DUPLICATE_METHOD_MATCH = YES;
				COPY_PHASE_STRIP = NO;
				DEBUG_INFORMATION_FORMAT = "dwarf-with-dsym";
				ENABLE_NS_ASSERTIONS = NO;
				ENABLE_STRICT_OBJC_MSGSEND = YES;
				GCC_C_LANGUAGE_STANDARD = gnu11;
				GCC_NO_COMMON_BLOCKS = YES;
				GCC_WARN_64_TO_32_BIT_CONVERSION = YES;
				GCC_WARN_ABOUT_RETURN_TYPE = YES_ERROR;
				GCC_WARN_UNDECLARED_SELECTOR = YES;
				GCC_WARN_UNINITIALIZED_AUTOS = YES_AGGRESSIVE;
				GCC_WARN_UNUSED_FUNCTION = YES;
				GCC_WARN_UNUSED_VARIABLE = YES;
				IPHONEOS_DEPLOYMENT_TARGET = 13.5;
				MTL_ENABLE_DEBUG_INFO = NO;
				MTL_FAST_MATH = YES;
				SDKROOT = iphoneos;
				VALIDATE_PRODUCT = YES;
			};
			name = Release;
		};
		3BA01F332482CFB2002F82DF /* Debug */ = {
			isa = XCBuildConfiguration;
			buildSettings = {
				ASSETCATALOG_COMPILER_APPICON_NAME = AppIcon;
				CODE_SIGN_STYLE = Automatic;
				DEVELOPMENT_TEAM = NYQACL8B77;
				INFOPLIST_FILE = MetalTest/Info.plist;
				IPHONEOS_DEPLOYMENT_TARGET = 11.0;
				LD_RUNPATH_SEARCH_PATHS = (
					"$(inherited)",
					"@executable_path/Frameworks",
				);
				PRODUCT_BUNDLE_IDENTIFIER = com.kedc.MetalTest;
				PRODUCT_NAME = "$(TARGET_NAME)";
				TARGETED_DEVICE_FAMILY = "1,2";
			};
			name = Debug;
		};
		3BA01F342482CFB2002F82DF /* Release */ = {
			isa = XCBuildConfiguration;
			buildSettings = {
				ASSETCATALOG_COMPILER_APPICON_NAME = AppIcon;
				CODE_SIGN_STYLE = Automatic;
				DEVELOPMENT_TEAM = NYQACL8B77;
				INFOPLIST_FILE = MetalTest/Info.plist;
				IPHONEOS_DEPLOYMENT_TARGET = 11.0;
				LD_RUNPATH_SEARCH_PATHS = (
					"$(inherited)",
					"@executable_path/Frameworks",
				);
				PRODUCT_BUNDLE_IDENTIFIER = com.kedc.MetalTest;
				PRODUCT_NAME = "$(TARGET_NAME)";
				TARGETED_DEVICE_FAMILY = "1,2";
			};
			name = Release;
		};
/* End XCBuildConfiguration section */

/* Begin XCConfigurationList section */
		3BA01F142482CFAD002F82DF /* Build configuration list for PBXProject "MetalTest" */ = {
			isa = XCConfigurationList;
			buildConfigurations = (
				3BA01F302482CFB2002F82DF /* Debug */,
				3BA01F312482CFB2002F82DF /* Release */,
			);
			defaultConfigurationIsVisible = 0;
			defaultConfigurationName = Release;
		};
		3BA01F322482CFB2002F82DF /* Build configuration list for PBXNativeTarget "MetalTest" */ = {
			isa = XCConfigurationList;
			buildConfigurations = (
				3BA01F332482CFB2002F82DF /* Debug */,
				3BA01F342482CFB2002F82DF /* Release */,
			);
			defaultConfigurationIsVisible = 0;
			defaultConfigurationName = Release;
		};
/* End XCConfigurationList section */
	};
	rootObject = 3BA01F112482CFAD002F82DF /* Project object */;
}
